
Microsoft Visual Studio Solution File, Format Version 12.00
# Visual Studio Version 17
VisualStudioVersion = 17.0.31903.59
MinimumVisualStudioVersion = 10.0.40219.1
Project("{FAE04EC0-301F-11D3-BF4B-00C04F79EFBC}") = "Tyuiu.MitinNV.Sprint4.Task0.V7.Lib", "Tyuiu.MitinNV.Sprint4.Task0.V7.Lib\Tyuiu.MitinNV.Sprint4.Task0.V7.Lib.csproj", "{234233E8-514E-4EE8-B887-D01FBF6EE327}"
EndProject
Project("{FAE04EC0-301F-11D3-BF4B-00C04F79EFBC}") = "Tyuiu.MitinNV.Sprint4.Task0.V7", "Tyuiu.MitinNV.Sprint4.Task0.V7\Tyuiu.MitinNV.Sprint4.Task0.V7.csproj", "{4BD32F03-4C5C-4C44-811A-6FCA48525DDF}"
EndProject
Project("{FAE04EC0-301F-11D3-BF4B-00C04F79EFBC}") = "Tyuiu.MitinNV.Sprint4.Task0.V7.Test", "Tyuiu.MitinNV.Sprint4.Task0.V7.Test\Tyuiu.MitinNV.Sprint4.Task0.V7.Test.csproj", "{8B123BC8-8BED-41C3-9C1E-5E54A9454EC7}"
EndProject
Project("{FAE04EC0-301F-11D3-BF4B-00C04F79EFBC}") = "Tyuiu.MitinNV.Sprint4.Task1.V4.Lib", "Tyuiu.MitinNV.Sprint4.Task1.V4.Lib\Tyuiu.MitinNV.Sprint4.Task1.V4.Lib.csproj", "{ACDB7186-D7C8-45F1-9796-2EA8AD7FB129}"
EndProject
Project("{FAE04EC0-301F-11D3-BF4B-00C04F79EFBC}") = "Tyuiu.MitinNV.Sprint4.Task1.V4", "Tyuiu.MitinNV.Sprint4.Task1.V4\Tyuiu.MitinNV.Sprint4.Task1.V4.csproj", "{5785BD3C-3A02-4614-BEA3-B975696B5F1F}"
EndProject
Project("{FAE04EC0-301F-11D3-BF4B-00C04F79EFBC}") = "Tyuiu.MitinNV.Sprint4.Task1.V4.Test", "Tyuiu.MitinNV.Sprint4.Task1.V4.Test\Tyuiu.MitinNV.Sprint4.Task1.V4.Test.csproj", "{3BB13160-4BC3-4926-B9DD-C8B8A53C7AD4}"
EndProject
Global
	GlobalSection(SolutionConfigurationPlatforms) = preSolution
		Debug|Any CPU = Debug|Any CPU
		Release|Any CPU = Release|Any CPU
	EndGlobalSection
	GlobalSection(SolutionProperties) = preSolution
		HideSolutionNode = FALSE
	EndGlobalSection
	GlobalSection(ProjectConfigurationPlatforms) = postSolution
		{234233E8-514E-4EE8-B887-D01FBF6EE327}.Debug|Any CPU.ActiveCfg = Debug|Any CPU
		{234233E8-514E-4EE8-B887-D01FBF6EE327}.Debug|Any CPU.Build.0 = Debug|Any CPU
		{234233E8-514E-4EE8-B887-D01FBF6EE327}.Release|Any CPU.ActiveCfg = Release|Any CPU
		{234233E8-514E-4EE8-B887-D01FBF6EE327}.Release|Any CPU.Build.0 = Release|Any CPU
		{4BD32F03-4C5C-4C44-811A-6FCA48525DDF}.Debug|Any CPU.ActiveCfg = Debug|Any CPU
		{4BD32F03-4C5C-4C44-811A-6FCA48525DDF}.Debug|Any CPU.Build.0 = Debug|Any CPU
		{4BD32F03-4C5C-4C44-811A-6FCA48525DDF}.Release|Any CPU.ActiveCfg = Release|Any CPU
		{4BD32F03-4C5C-4C44-811A-6FCA48525DDF}.Release|Any CPU.Build.0 = Release|Any CPU
		{8B123BC8-8BED-41C3-9C1E-5E54A9454EC7}.Debug|Any CPU.ActiveCfg = Debug|Any CPU
		{8B123BC8-8BED-41C3-9C1E-5E54A9454EC7}.Debug|Any CPU.Build.0 = Debug|Any CPU
		{8B123BC8-8BED-41C3-9C1E-5E54A9454EC7}.Release|Any CPU.ActiveCfg = Release|Any CPU
		{8B123BC8-8BED-41C3-9C1E-5E54A9454EC7}.Release|Any CPU.Build.0 = Release|Any CPU
		{ACDB7186-D7C8-45F1-9796-2EA8AD7FB129}.Debug|Any CPU.ActiveCfg = Debug|Any CPU
		{ACDB7186-D7C8-45F1-9796-2EA8AD7FB129}.Debug|Any CPU.Build.0 = Debug|Any CPU
		{ACDB7186-D7C8-45F1-9796-2EA8AD7FB129}.Release|Any CPU.ActiveCfg = Release|Any CPU
		{ACDB7186-D7C8-45F1-9796-2EA8AD7FB129}.Release|Any CPU.Build.0 = Release|Any CPU
		{5785BD3C-3A02-4614-BEA3-B975696B5F1F}.Debug|Any CPU.ActiveCfg = Debug|Any CPU
		{5785BD3C-3A02-4614-BEA3-B975696B5F1F}.Debug|Any CPU.Build.0 = Debug|Any CPU
		{5785BD3C-3A02-4614-BEA3-B975696B5F1F}.Release|Any CPU.ActiveCfg = Release|Any CPU
		{5785BD3C-3A02-4614-BEA3-B975696B5F1F}.Release|Any CPU.Build.0 = Release|Any CPU
		{3BB13160-4BC3-4926-B9DD-C8B8A53C7AD4}.Debug|Any CPU.ActiveCfg = Debug|Any CPU
		{3BB13160-4BC3-4926-B9DD-C8B8A53C7AD4}.Debug|Any CPU.Build.0 = Debug|Any CPU
		{3BB13160-4BC3-4926-B9DD-C8B8A53C7AD4}.Release|Any CPU.ActiveCfg = Release|Any CPU
		{3BB13160-4BC3-4926-B9DD-C8B8A53C7AD4}.Release|Any CPU.Build.0 = Release|Any CPU
	EndGlobalSection
EndGlobal
